
Microsoft Visual Studio Solution File, Format Version 12.00
# Visual Studio 15
VisualStudioVersion = 15.0.27428.2015
MinimumVisualStudioVersion = 10.0.40219.1
Project("{9A19103F-16F7-4668-BE54-9A1E7A4F7556}") = "IT.Users", "IT.Auth\IT.Users.csproj", "{954BE210-4109-4180-97F4-E22FE21308A4}"
EndProject
Global
	GlobalSection(SolutionConfigurationPlatforms) = preSolution
		Debug|Any CPU = Debug|Any CPU
		Release|Any CPU = Release|Any CPU
	EndGlobalSection
	GlobalSection(ProjectConfigurationPlatforms) = postSolution
		{954BE210-4109-4180-97F4-E22FE21308A4}.Debug|Any CPU.ActiveCfg = Debug|Any CPU
		{954BE210-4109-4180-97F4-E22FE21308A4}.Debug|Any CPU.Build.0 = Debug|Any CPU
		{954BE210-4109-4180-97F4-E22FE21308A4}.Release|Any CPU.ActiveCfg = Release|Any CPU
		{954BE210-4109-4180-97F4-E22FE21308A4}.Release|Any CPU.Build.0 = Release|Any CPU
	EndGlobalSection
	GlobalSection(SolutionProperties) = preSolution
		HideSolutionNode = FALSE
	EndGlobalSection
	GlobalSection(ExtensibilityGlobals) = postSolution
		SolutionGuid = {909AD2D0-15A4-4B54-B528-23482EE99C7F}
	EndGlobalSection
EndGlobal
